
Microsoft Visual Studio Solution File, Format Version 12.00
# Visual Studio Version 16
VisualStudioVersion = 16.0.30204.135
MinimumVisualStudioVersion = 10.0.40219.1
Project("{9A19103F-16F7-4668-BE54-9A1E7A4F7556}") = "TwitterStats", "TwitterStats\TwitterStats.csproj", "{C09A0CA8-F3D2-4DFE-9A04-E3EDF1A770F8}"
EndProject
Project("{FAE04EC0-301F-11D3-BF4B-00C04F79EFBC}") = "UnitTestTwitterStats", "UnitTestTwitterStats\UnitTestTwitterStats.csproj", "{DF5199C0-1A76-42DC-8470-87A900F882A9}"
EndProject
Global
	GlobalSection(SolutionConfigurationPlatforms) = preSolution
		Debug|Any CPU = Debug|Any CPU
		Release|Any CPU = Release|Any CPU
	EndGlobalSection
	GlobalSection(ProjectConfigurationPlatforms) = postSolution
		{C09A0CA8-F3D2-4DFE-9A04-E3EDF1A770F8}.Debug|Any CPU.ActiveCfg = Debug|Any CPU
		{C09A0CA8-F3D2-4DFE-9A04-E3EDF1A770F8}.Debug|Any CPU.Build.0 = Debug|Any CPU
		{C09A0CA8-F3D2-4DFE-9A04-E3EDF1A770F8}.Release|Any CPU.ActiveCfg = Release|Any CPU
		{C09A0CA8-F3D2-4DFE-9A04-E3EDF1A770F8}.Release|Any CPU.Build.0 = Release|Any CPU
		{DF5199C0-1A76-42DC-8470-87A900F882A9}.Debug|Any CPU.ActiveCfg = Debug|Any CPU
		{DF5199C0-1A76-42DC-8470-87A900F882A9}.Debug|Any CPU.Build.0 = Debug|Any CPU
		{DF5199C0-1A76-42DC-8470-87A900F882A9}.Release|Any CPU.ActiveCfg = Release|Any CPU
		{DF5199C0-1A76-42DC-8470-87A900F882A9}.Release|Any CPU.Build.0 = Release|Any CPU
	EndGlobalSection
	GlobalSection(SolutionProperties) = preSolution
		HideSolutionNode = FALSE
	EndGlobalSection
	GlobalSection(ExtensibilityGlobals) = postSolution
		SolutionGuid = {0700D21D-C4B6-4A5C-8741-2C23D8D4A8A3}
	EndGlobalSection
EndGlobal
