
Microsoft Visual Studio Solution File, Format Version 12.00
# Visual Studio Version 17
VisualStudioVersion = 17.10.35027.167
MinimumVisualStudioVersion = 10.0.40219.1
Project("{FAE04EC0-301F-11D3-BF4B-00C04F79EFBC}") = "DegreeOfAnArray", "DegreeOfAnArray.csproj", "{A7808C1A-CD70-4251-9E0D-DF99A36E9E72}"
EndProject
Global
	GlobalSection(SolutionConfigurationPlatforms) = preSolution
		Debug|Any CPU = Debug|Any CPU
		Release|Any CPU = Release|Any CPU
	EndGlobalSection
	GlobalSection(ProjectConfigurationPlatforms) = postSolution
		{A7808C1A-CD70-4251-9E0D-DF99A36E9E72}.Debug|Any CPU.ActiveCfg = Debug|Any CPU
		{A7808C1A-CD70-4251-9E0D-DF99A36E9E72}.Debug|Any CPU.Build.0 = Debug|Any CPU
		{A7808C1A-CD70-4251-9E0D-DF99A36E9E72}.Release|Any CPU.ActiveCfg = Release|Any CPU
		{A7808C1A-CD70-4251-9E0D-DF99A36E9E72}.Release|Any CPU.Build.0 = Release|Any CPU
	EndGlobalSection
	GlobalSection(SolutionProperties) = preSolution
		HideSolutionNode = FALSE
	EndGlobalSection
	GlobalSection(ExtensibilityGlobals) = postSolution
		SolutionGuid = {8FD723B5-F010-4503-997C-DD34D9CD9ABA}
	EndGlobalSection
EndGlobal
